
Microsoft Visual Studio Solution File, Format Version 12.00
# Visual Studio Version 16
VisualStudioVersion = 16.0.31410.357
MinimumVisualStudioVersion = 10.0.40219.1
Project("{FAE04EC0-301F-11D3-BF4B-00C04F79EFBC}") = "MD5 Sifreleyici By Gorkem", "MD5 Sifreleyici By Gorkem\MD5 Sifreleyici By Gorkem.csproj", "{53A46128-966F-422C-BB7D-584371F59BEC}"
EndProject
Global
	GlobalSection(SolutionConfigurationPlatforms) = preSolution
		Debug|Any CPU = Debug|Any CPU
		Release|Any CPU = Release|Any CPU
	EndGlobalSection
	GlobalSection(ProjectConfigurationPlatforms) = postSolution
		{53A46128-966F-422C-BB7D-584371F59BEC}.Debug|Any CPU.ActiveCfg = Debug|Any CPU
		{53A46128-966F-422C-BB7D-584371F59BEC}.Debug|Any CPU.Build.0 = Debug|Any CPU
		{53A46128-966F-422C-BB7D-584371F59BEC}.Release|Any CPU.ActiveCfg = Release|Any CPU
		{53A46128-966F-422C-BB7D-584371F59BEC}.Release|Any CPU.Build.0 = Release|Any CPU
	EndGlobalSection
	GlobalSection(SolutionProperties) = preSolution
		HideSolutionNode = FALSE
	EndGlobalSection
	GlobalSection(ExtensibilityGlobals) = postSolution
		SolutionGuid = {F830988B-5490-4C29-8257-931FC0B2E7B4}
	EndGlobalSection
EndGlobal
